
Microsoft Visual Studio Solution File, Format Version 12.00
# Visual Studio Version 17
VisualStudioVersion = 17.0.31903.59
MinimumVisualStudioVersion = 10.0.40219.1
Project("{2150E333-8FDC-42A3-9474-1A3956D46DE8}") = "src", "src", "{504D109B-B950-4C55-9233-90AB567625C1}"
EndProject
Project("{2150E333-8FDC-42A3-9474-1A3956D46DE8}") = "common", "common", "{EC3FA5D7-F66E-437B-882C-0EBC4689F5B9}"
EndProject
Project("{9A19103F-16F7-4668-BE54-9A1E7A4F7556}") = "Elsa.Features", "src\common\Elsa.Features\Elsa.Features.csproj", "{9306A9B2-7329-4708-87A1-B0F41645B867}"
EndProject
Project("{9A19103F-16F7-4668-BE54-9A1E7A4F7556}") = "Elsa.Mediator", "src\common\Elsa.Mediator\Elsa.Mediator.csproj", "{FAEFAFB0-0541-4013-9ECD-8D4257F825BD}"
EndProject
Project("{2150E333-8FDC-42A3-9474-1A3956D46DE8}") = "modules", "modules", "{E9E11966-F330-4F43-887B-BB162E2444BB}"
EndProject
Project("{9A19103F-16F7-4668-BE54-9A1E7A4F7556}") = "Elsa.Common", "src\modules\Elsa.Common\Elsa.Common.csproj", "{E87B41DE-BBEE-4F78-98FE-B27E7DE44744}"
EndProject
Project("{2150E333-8FDC-42A3-9474-1A3956D46DE8}") = "scripting", "scripting", "{DC08E548-6743-4873-AD8E-43CD93913687}"
EndProject
Project("{9A19103F-16F7-4668-BE54-9A1E7A4F7556}") = "Elsa.Expressions", "src\modules\scripting\Elsa.Expressions\Elsa.Expressions.csproj", "{9BEE6125-3958-416A-8D3C-336D65CF6321}"
EndProject
Project("{2150E333-8FDC-42A3-9474-1A3956D46DE8}") = "workflows", "workflows", "{317635BF-BBEE-4FA1-A86C-1CEE0F3E7AFC}"
EndProject
Project("{9A19103F-16F7-4668-BE54-9A1E7A4F7556}") = "Elsa.Workflows.Core", "src\modules\workflows\Elsa.Workflows.Core\Elsa.Workflows.Core.csproj", "{B248F5B4-0812-4DBC-9527-0C53FEEEFBA3}"
EndProject
Project("{9A19103F-16F7-4668-BE54-9A1E7A4F7556}") = "Elsa.Workflows.Designer", "src\modules\workflows\Elsa.Workflows.Designer\Elsa.Workflows.Designer.csproj", "{CE0D891C-0FF9-4C7B-A161-7BA35AEB2AD0}"
EndProject
Project("{9A19103F-16F7-4668-BE54-9A1E7A4F7556}") = "Elsa.JavaScript", "src\modules\scripting\Elsa.JavaScript\Elsa.JavaScript.csproj", "{90A7B310-1C2F-4B65-BD4D-C0C4C0D8BC73}"
EndProject
Project("{9A19103F-16F7-4668-BE54-9A1E7A4F7556}") = "Elsa.Dsl", "src\modules\scripting\Elsa.Dsl\Elsa.Dsl.csproj", "{8E36351F-0FEF-451F-AAF7-FB8C9DDF6E8B}"
EndProject
Project("{9A19103F-16F7-4668-BE54-9A1E7A4F7556}") = "Elsa.Workflows.Management", "src\modules\workflows\Elsa.Workflows.Management\Elsa.Workflows.Management.csproj", "{098E9120-CBE1-42FF-9A0C-444CFCCBF517}"
EndProject
Project("{9A19103F-16F7-4668-BE54-9A1E7A4F7556}") = "Elsa.Workflows.Runtime", "src\modules\workflows\Elsa.Workflows.Runtime\Elsa.Workflows.Runtime.csproj", "{8A229994-5FC1-4F6A-8DAF-5D3BD31BE78D}"
EndProject
Project("{9A19103F-16F7-4668-BE54-9A1E7A4F7556}") = "Elsa.Api.Common", "src\common\Elsa.Api.Common\Elsa.Api.Common.csproj", "{2FBB7D41-794E-4BA8-B5AC-F1F6B0523B19}"
EndProject
Project("{2150E333-8FDC-42A3-9474-1A3956D46DE8}") = "bundles", "bundles", "{19952A75-55CF-41B7-A14F-3DA94608F1CF}"
EndProject
Project("{9A19103F-16F7-4668-BE54-9A1E7A4F7556}") = "Elsa", "src\bundles\Elsa\Elsa.csproj", "{ED1C5F8A-841A-45A2-A433-E6E948EEA96B}"
EndProject
Project("{2150E333-8FDC-42A3-9474-1A3956D46DE8}") = "security", "security", "{75B70AFC-8F52-45FE-B472-C3F00878A542}"
EndProject
Project("{9A19103F-16F7-4668-BE54-9A1E7A4F7556}") = "Elsa.Identity", "src\security\Elsa.Identity\Elsa.Identity.csproj", "{1B40C976-BD1B-47B8-9A9D-D8F584DDC7D0}"
EndProject
Project("{9A19103F-16F7-4668-BE54-9A1E7A4F7556}") = "Elsa.Liquid", "src\modules\scripting\Elsa.Liquid\Elsa.Liquid.csproj", "{6AE25BC3-D1A0-41DC-A31B-509043754F15}"
EndProject
Project("{9A19103F-16F7-4668-BE54-9A1E7A4F7556}") = "Elsa.Workflows.Sinks", "src\modules\workflows\Elsa.Workflows.Sinks\Elsa.Workflows.Sinks.csproj", "{22466873-5AD1-4876-9B61-85A8BE6B1E43}"
EndProject
Project("{9A19103F-16F7-4668-BE54-9A1E7A4F7556}") = "Elsa.Http", "src\modules\Elsa.Http\Elsa.Http.csproj", "{59E614EF-66D5-43A1-8BFE-649656326A40}"
EndProject
Project("{9A19103F-16F7-4668-BE54-9A1E7A4F7556}") = "Elsa.Workflows.Api", "src\modules\workflows\Elsa.Workflows.Api\Elsa.Workflows.Api.csproj", "{E7432914-02B8-4676-86D3-D197EE0E1489}"
EndProject
Project("{2150E333-8FDC-42A3-9474-1A3956D46DE8}") = "persistence", "persistence", "{B6C7A418-EE87-42F2-84F5-8E012A5F88BA}"
EndProject
Project("{9A19103F-16F7-4668-BE54-9A1E7A4F7556}") = "Elsa.EntityFrameworkCore", "src\modules\persistence\Elsa.EntityFrameworkCore\Elsa.EntityFrameworkCore.csproj", "{F175FAE5-5119-42CA-97E0-69F53A9D44C3}"
EndProject
Project("{9A19103F-16F7-4668-BE54-9A1E7A4F7556}") = "Elsa.Labels", "src\modules\Elsa.Labels\Elsa.Labels.csproj", "{07B7EB7D-F23A-4D90-9B59-1300311F1261}"
EndProject
Project("{9A19103F-16F7-4668-BE54-9A1E7A4F7556}") = "Elsa.EntityFrameworkCore.PostgreSql", "src\modules\persistence\Elsa.EntityFrameworkCore.PostgreSql\Elsa.EntityFrameworkCore.PostgreSql.csproj", "{5D6AAEF6-84EB-4875-850F-CB0C8FA6F491}"
EndProject
Project("{9A19103F-16F7-4668-BE54-9A1E7A4F7556}") = "Elsa.EntityFrameworkCore.Sqlite", "src\modules\persistence\Elsa.EntityFrameworkCore.Sqlite\Elsa.EntityFrameworkCore.Sqlite.csproj", "{83878B78-3A33-4571-8275-A595AF33A4C5}"
EndProject
Project("{2150E333-8FDC-42A3-9474-1A3956D46DE8}") = "samples", "samples", "{453DF069-5810-4637-842B-B81E7291CC96}"
EndProject
Project("{2150E333-8FDC-42A3-9474-1A3956D46DE8}") = "aspnet", "aspnet", "{54A022C5-2D50-4C14-A675-A4C5625BB9F6}"
EndProject
Project("{9A19103F-16F7-4668-BE54-9A1E7A4F7556}") = "ServerAndDesigner", "src\samples\aspnet\ServerAndDesigner\ServerAndDesigner.csproj", "{E5DC5E55-1943-4979-B4A5-DBE8A848017B}"
EndProject
Global
	GlobalSection(SolutionConfigurationPlatforms) = preSolution
		Debug|Any CPU = Debug|Any CPU
		Debug|x64 = Debug|x64
		Debug|x86 = Debug|x86
		Release|Any CPU = Release|Any CPU
		Release|x64 = Release|x64
		Release|x86 = Release|x86
	EndGlobalSection
	GlobalSection(ProjectConfigurationPlatforms) = postSolution
		{9306A9B2-7329-4708-87A1-B0F41645B867}.Debug|Any CPU.ActiveCfg = Debug|Any CPU
		{9306A9B2-7329-4708-87A1-B0F41645B867}.Debug|Any CPU.Build.0 = Debug|Any CPU
		{9306A9B2-7329-4708-87A1-B0F41645B867}.Debug|x64.ActiveCfg = Debug|Any CPU
		{9306A9B2-7329-4708-87A1-B0F41645B867}.Debug|x64.Build.0 = Debug|Any CPU
		{9306A9B2-7329-4708-87A1-B0F41645B867}.Debug|x86.ActiveCfg = Debug|Any CPU
		{9306A9B2-7329-4708-87A1-B0F41645B867}.Debug|x86.Build.0 = Debug|Any CPU
		{9306A9B2-7329-4708-87A1-B0F41645B867}.Release|Any CPU.ActiveCfg = Release|Any CPU
		{9306A9B2-7329-4708-87A1-B0F41645B867}.Release|Any CPU.Build.0 = Release|Any CPU
		{9306A9B2-7329-4708-87A1-B0F41645B867}.Release|x64.ActiveCfg = Release|Any CPU
		{9306A9B2-7329-4708-87A1-B0F41645B867}.Release|x64.Build.0 = Release|Any CPU
		{9306A9B2-7329-4708-87A1-B0F41645B867}.Release|x86.ActiveCfg = Release|Any CPU
		{9306A9B2-7329-4708-87A1-B0F41645B867}.Release|x86.Build.0 = Release|Any CPU
		{FAEFAFB0-0541-4013-9ECD-8D4257F825BD}.Debug|Any CPU.ActiveCfg = Debug|Any CPU
		{FAEFAFB0-0541-4013-9ECD-8D4257F825BD}.Debug|Any CPU.Build.0 = Debug|Any CPU
		{FAEFAFB0-0541-4013-9ECD-8D4257F825BD}.Debug|x64.ActiveCfg = Debug|Any CPU
		{FAEFAFB0-0541-4013-9ECD-8D4257F825BD}.Debug|x64.Build.0 = Debug|Any CPU
		{FAEFAFB0-0541-4013-9ECD-8D4257F825BD}.Debug|x86.ActiveCfg = Debug|Any CPU
		{FAEFAFB0-0541-4013-9ECD-8D4257F825BD}.Debug|x86.Build.0 = Debug|Any CPU
		{FAEFAFB0-0541-4013-9ECD-8D4257F825BD}.Release|Any CPU.ActiveCfg = Release|Any CPU
		{FAEFAFB0-0541-4013-9ECD-8D4257F825BD}.Release|Any CPU.Build.0 = Release|Any CPU
		{FAEFAFB0-0541-4013-9ECD-8D4257F825BD}.Release|x64.ActiveCfg = Release|Any CPU
		{FAEFAFB0-0541-4013-9ECD-8D4257F825BD}.Release|x64.Build.0 = Release|Any CPU
		{FAEFAFB0-0541-4013-9ECD-8D4257F825BD}.Release|x86.ActiveCfg = Release|Any CPU
		{FAEFAFB0-0541-4013-9ECD-8D4257F825BD}.Release|x86.Build.0 = Release|Any CPU
		{E87B41DE-BBEE-4F78-98FE-B27E7DE44744}.Debug|Any CPU.ActiveCfg = Debug|Any CPU
		{E87B41DE-BBEE-4F78-98FE-B27E7DE44744}.Debug|Any CPU.Build.0 = Debug|Any CPU
		{E87B41DE-BBEE-4F78-98FE-B27E7DE44744}.Debug|x64.ActiveCfg = Debug|Any CPU
		{E87B41DE-BBEE-4F78-98FE-B27E7DE44744}.Debug|x64.Build.0 = Debug|Any CPU
		{E87B41DE-BBEE-4F78-98FE-B27E7DE44744}.Debug|x86.ActiveCfg = Debug|Any CPU
		{E87B41DE-BBEE-4F78-98FE-B27E7DE44744}.Debug|x86.Build.0 = Debug|Any CPU
		{E87B41DE-BBEE-4F78-98FE-B27E7DE44744}.Release|Any CPU.ActiveCfg = Release|Any CPU
		{E87B41DE-BBEE-4F78-98FE-B27E7DE44744}.Release|Any CPU.Build.0 = Release|Any CPU
		{E87B41DE-BBEE-4F78-98FE-B27E7DE44744}.Release|x64.ActiveCfg = Release|Any CPU
		{E87B41DE-BBEE-4F78-98FE-B27E7DE44744}.Release|x64.Build.0 = Release|Any CPU
		{E87B41DE-BBEE-4F78-98FE-B27E7DE44744}.Release|x86.ActiveCfg = Release|Any CPU
		{E87B41DE-BBEE-4F78-98FE-B27E7DE44744}.Release|x86.Build.0 = Release|Any CPU
		{9BEE6125-3958-416A-8D3C-336D65CF6321}.Debug|Any CPU.ActiveCfg = Debug|Any CPU
		{9BEE6125-3958-416A-8D3C-336D65CF6321}.Debug|Any CPU.Build.0 = Debug|Any CPU
		{9BEE6125-3958-416A-8D3C-336D65CF6321}.Debug|x64.ActiveCfg = Debug|Any CPU
		{9BEE6125-3958-416A-8D3C-336D65CF6321}.Debug|x64.Build.0 = Debug|Any CPU
		{9BEE6125-3958-416A-8D3C-336D65CF6321}.Debug|x86.ActiveCfg = Debug|Any CPU
		{9BEE6125-3958-416A-8D3C-336D65CF6321}.Debug|x86.Build.0 = Debug|Any CPU
		{9BEE6125-3958-416A-8D3C-336D65CF6321}.Release|Any CPU.ActiveCfg = Release|Any CPU
		{9BEE6125-3958-416A-8D3C-336D65CF6321}.Release|Any CPU.Build.0 = Release|Any CPU
		{9BEE6125-3958-416A-8D3C-336D65CF6321}.Release|x64.ActiveCfg = Release|Any CPU
		{9BEE6125-3958-416A-8D3C-336D65CF6321}.Release|x64.Build.0 = Release|Any CPU
		{9BEE6125-3958-416A-8D3C-336D65CF6321}.Release|x86.ActiveCfg = Release|Any CPU
		{9BEE6125-3958-416A-8D3C-336D65CF6321}.Release|x86.Build.0 = Release|Any CPU
		{B248F5B4-0812-4DBC-9527-0C53FEEEFBA3}.Debug|Any CPU.ActiveCfg = Debug|Any CPU
		{B248F5B4-0812-4DBC-9527-0C53FEEEFBA3}.Debug|Any CPU.Build.0 = Debug|Any CPU
		{B248F5B4-0812-4DBC-9527-0C53FEEEFBA3}.Debug|x64.ActiveCfg = Debug|Any CPU
		{B248F5B4-0812-4DBC-9527-0C53FEEEFBA3}.Debug|x64.Build.0 = Debug|Any CPU
		{B248F5B4-0812-4DBC-9527-0C53FEEEFBA3}.Debug|x86.ActiveCfg = Debug|Any CPU
		{B248F5B4-0812-4DBC-9527-0C53FEEEFBA3}.Debug|x86.Build.0 = Debug|Any CPU
		{B248F5B4-0812-4DBC-9527-0C53FEEEFBA3}.Release|Any CPU.ActiveCfg = Release|Any CPU
		{B248F5B4-0812-4DBC-9527-0C53FEEEFBA3}.Release|Any CPU.Build.0 = Release|Any CPU
		{B248F5B4-0812-4DBC-9527-0C53FEEEFBA3}.Release|x64.ActiveCfg = Release|Any CPU
		{B248F5B4-0812-4DBC-9527-0C53FEEEFBA3}.Release|x64.Build.0 = Release|Any CPU
		{B248F5B4-0812-4DBC-9527-0C53FEEEFBA3}.Release|x86.ActiveCfg = Release|Any CPU
		{B248F5B4-0812-4DBC-9527-0C53FEEEFBA3}.Release|x86.Build.0 = Release|Any CPU
		{CE0D891C-0FF9-4C7B-A161-7BA35AEB2AD0}.Debug|Any CPU.ActiveCfg = Debug|Any CPU
		{CE0D891C-0FF9-4C7B-A161-7BA35AEB2AD0}.Debug|Any CPU.Build.0 = Debug|Any CPU
		{CE0D891C-0FF9-4C7B-A161-7BA35AEB2AD0}.Debug|x64.ActiveCfg = Debug|Any CPU
		{CE0D891C-0FF9-4C7B-A161-7BA35AEB2AD0}.Debug|x64.Build.0 = Debug|Any CPU
		{CE0D891C-0FF9-4C7B-A161-7BA35AEB2AD0}.Debug|x86.ActiveCfg = Debug|Any CPU
		{CE0D891C-0FF9-4C7B-A161-7BA35AEB2AD0}.Debug|x86.Build.0 = Debug|Any CPU
		{CE0D891C-0FF9-4C7B-A161-7BA35AEB2AD0}.Release|Any CPU.ActiveCfg = Release|Any CPU
		{CE0D891C-0FF9-4C7B-A161-7BA35AEB2AD0}.Release|Any CPU.Build.0 = Release|Any CPU
		{CE0D891C-0FF9-4C7B-A161-7BA35AEB2AD0}.Release|x64.ActiveCfg = Release|Any CPU
		{CE0D891C-0FF9-4C7B-A161-7BA35AEB2AD0}.Release|x64.Build.0 = Release|Any CPU
		{CE0D891C-0FF9-4C7B-A161-7BA35AEB2AD0}.Release|x86.ActiveCfg = Release|Any CPU
		{CE0D891C-0FF9-4C7B-A161-7BA35AEB2AD0}.Release|x86.Build.0 = Release|Any CPU
		{90A7B310-1C2F-4B65-BD4D-C0C4C0D8BC73}.Debug|Any CPU.ActiveCfg = Debug|Any CPU
		{90A7B310-1C2F-4B65-BD4D-C0C4C0D8BC73}.Debug|Any CPU.Build.0 = Debug|Any CPU
		{90A7B310-1C2F-4B65-BD4D-C0C4C0D8BC73}.Debug|x64.ActiveCfg = Debug|Any CPU
		{90A7B310-1C2F-4B65-BD4D-C0C4C0D8BC73}.Debug|x64.Build.0 = Debug|Any CPU
		{90A7B310-1C2F-4B65-BD4D-C0C4C0D8BC73}.Debug|x86.ActiveCfg = Debug|Any CPU
		{90A7B310-1C2F-4B65-BD4D-C0C4C0D8BC73}.Debug|x86.Build.0 = Debug|Any CPU
		{90A7B310-1C2F-4B65-BD4D-C0C4C0D8BC73}.Release|Any CPU.ActiveCfg = Release|Any CPU
		{90A7B310-1C2F-4B65-BD4D-C0C4C0D8BC73}.Release|Any CPU.Build.0 = Release|Any CPU
		{90A7B310-1C2F-4B65-BD4D-C0C4C0D8BC73}.Release|x64.ActiveCfg = Release|Any CPU
		{90A7B310-1C2F-4B65-BD4D-C0C4C0D8BC73}.Release|x64.Build.0 = Release|Any CPU
		{90A7B310-1C2F-4B65-BD4D-C0C4C0D8BC73}.Release|x86.ActiveCfg = Release|Any CPU
		{90A7B310-1C2F-4B65-BD4D-C0C4C0D8BC73}.Release|x86.Build.0 = Release|Any CPU
		{8E36351F-0FEF-451F-AAF7-FB8C9DDF6E8B}.Debug|Any CPU.ActiveCfg = Debug|Any CPU
		{8E36351F-0FEF-451F-AAF7-FB8C9DDF6E8B}.Debug|Any CPU.Build.0 = Debug|Any CPU
		{8E36351F-0FEF-451F-AAF7-FB8C9DDF6E8B}.Debug|x64.ActiveCfg = Debug|Any CPU
		{8E36351F-0FEF-451F-AAF7-FB8C9DDF6E8B}.Debug|x64.Build.0 = Debug|Any CPU
		{8E36351F-0FEF-451F-AAF7-FB8C9DDF6E8B}.Debug|x86.ActiveCfg = Debug|Any CPU
		{8E36351F-0FEF-451F-AAF7-FB8C9DDF6E8B}.Debug|x86.Build.0 = Debug|Any CPU
		{8E36351F-0FEF-451F-AAF7-FB8C9DDF6E8B}.Release|Any CPU.ActiveCfg = Release|Any CPU
		{8E36351F-0FEF-451F-AAF7-FB8C9DDF6E8B}.Release|Any CPU.Build.0 = Release|Any CPU
		{8E36351F-0FEF-451F-AAF7-FB8C9DDF6E8B}.Release|x64.ActiveCfg = Release|Any CPU
		{8E36351F-0FEF-451F-AAF7-FB8C9DDF6E8B}.Release|x64.Build.0 = Release|Any CPU
		{8E36351F-0FEF-451F-AAF7-FB8C9DDF6E8B}.Release|x86.ActiveCfg = Release|Any CPU
		{8E36351F-0FEF-451F-AAF7-FB8C9DDF6E8B}.Release|x86.Build.0 = Release|Any CPU
		{098E9120-CBE1-42FF-9A0C-444CFCCBF517}.Debug|Any CPU.ActiveCfg = Debug|Any CPU
		{098E9120-CBE1-42FF-9A0C-444CFCCBF517}.Debug|Any CPU.Build.0 = Debug|Any CPU
		{098E9120-CBE1-42FF-9A0C-444CFCCBF517}.Debug|x64.ActiveCfg = Debug|Any CPU
		{098E9120-CBE1-42FF-9A0C-444CFCCBF517}.Debug|x64.Build.0 = Debug|Any CPU
		{098E9120-CBE1-42FF-9A0C-444CFCCBF517}.Debug|x86.ActiveCfg = Debug|Any CPU
		{098E9120-CBE1-42FF-9A0C-444CFCCBF517}.Debug|x86.Build.0 = Debug|Any CPU
		{098E9120-CBE1-42FF-9A0C-444CFCCBF517}.Release|Any CPU.ActiveCfg = Release|Any CPU
		{098E9120-CBE1-42FF-9A0C-444CFCCBF517}.Release|Any CPU.Build.0 = Release|Any CPU
		{098E9120-CBE1-42FF-9A0C-444CFCCBF517}.Release|x64.ActiveCfg = Release|Any CPU
		{098E9120-CBE1-42FF-9A0C-444CFCCBF517}.Release|x64.Build.0 = Release|Any CPU
		{098E9120-CBE1-42FF-9A0C-444CFCCBF517}.Release|x86.ActiveCfg = Release|Any CPU
		{098E9120-CBE1-42FF-9A0C-444CFCCBF517}.Release|x86.Build.0 = Release|Any CPU
		{8A229994-5FC1-4F6A-8DAF-5D3BD31BE78D}.Debug|Any CPU.ActiveCfg = Debug|Any CPU
		{8A229994-5FC1-4F6A-8DAF-5D3BD31BE78D}.Debug|Any CPU.Build.0 = Debug|Any CPU
		{8A229994-5FC1-4F6A-8DAF-5D3BD31BE78D}.Debug|x64.ActiveCfg = Debug|Any CPU
		{8A229994-5FC1-4F6A-8DAF-5D3BD31BE78D}.Debug|x64.Build.0 = Debug|Any CPU
		{8A229994-5FC1-4F6A-8DAF-5D3BD31BE78D}.Debug|x86.ActiveCfg = Debug|Any CPU
		{8A229994-5FC1-4F6A-8DAF-5D3BD31BE78D}.Debug|x86.Build.0 = Debug|Any CPU
		{8A229994-5FC1-4F6A-8DAF-5D3BD31BE78D}.Release|Any CPU.ActiveCfg = Release|Any CPU
		{8A229994-5FC1-4F6A-8DAF-5D3BD31BE78D}.Release|Any CPU.Build.0 = Release|Any CPU
		{8A229994-5FC1-4F6A-8DAF-5D3BD31BE78D}.Release|x64.ActiveCfg = Release|Any CPU
		{8A229994-5FC1-4F6A-8DAF-5D3BD31BE78D}.Release|x64.Build.0 = Release|Any CPU
		{8A229994-5FC1-4F6A-8DAF-5D3BD31BE78D}.Release|x86.ActiveCfg = Release|Any CPU
		{8A229994-5FC1-4F6A-8DAF-5D3BD31BE78D}.Release|x86.Build.0 = Release|Any CPU
		{2FBB7D41-794E-4BA8-B5AC-F1F6B0523B19}.Debug|Any CPU.ActiveCfg = Debug|Any CPU
		{2FBB7D41-794E-4BA8-B5AC-F1F6B0523B19}.Debug|Any CPU.Build.0 = Debug|Any CPU
		{2FBB7D41-794E-4BA8-B5AC-F1F6B0523B19}.Debug|x64.ActiveCfg = Debug|Any CPU
		{2FBB7D41-794E-4BA8-B5AC-F1F6B0523B19}.Debug|x64.Build.0 = Debug|Any CPU
		{2FBB7D41-794E-4BA8-B5AC-F1F6B0523B19}.Debug|x86.ActiveCfg = Debug|Any CPU
		{2FBB7D41-794E-4BA8-B5AC-F1F6B0523B19}.Debug|x86.Build.0 = Debug|Any CPU
		{2FBB7D41-794E-4BA8-B5AC-F1F6B0523B19}.Release|Any CPU.ActiveCfg = Release|Any CPU
		{2FBB7D41-794E-4BA8-B5AC-F1F6B0523B19}.Release|Any CPU.Build.0 = Release|Any CPU
		{2FBB7D41-794E-4BA8-B5AC-F1F6B0523B19}.Release|x64.ActiveCfg = Release|Any CPU
		{2FBB7D41-794E-4BA8-B5AC-F1F6B0523B19}.Release|x64.Build.0 = Release|Any CPU
		{2FBB7D41-794E-4BA8-B5AC-F1F6B0523B19}.Release|x86.ActiveCfg = Release|Any CPU
		{2FBB7D41-794E-4BA8-B5AC-F1F6B0523B19}.Release|x86.Build.0 = Release|Any CPU
		{ED1C5F8A-841A-45A2-A433-E6E948EEA96B}.Debug|Any CPU.ActiveCfg = Debug|Any CPU
		{ED1C5F8A-841A-45A2-A433-E6E948EEA96B}.Debug|Any CPU.Build.0 = Debug|Any CPU
		{ED1C5F8A-841A-45A2-A433-E6E948EEA96B}.Debug|x64.ActiveCfg = Debug|Any CPU
		{ED1C5F8A-841A-45A2-A433-E6E948EEA96B}.Debug|x64.Build.0 = Debug|Any CPU
		{ED1C5F8A-841A-45A2-A433-E6E948EEA96B}.Debug|x86.ActiveCfg = Debug|Any CPU
		{ED1C5F8A-841A-45A2-A433-E6E948EEA96B}.Debug|x86.Build.0 = Debug|Any CPU
		{ED1C5F8A-841A-45A2-A433-E6E948EEA96B}.Release|Any CPU.ActiveCfg = Release|Any CPU
		{ED1C5F8A-841A-45A2-A433-E6E948EEA96B}.Release|Any CPU.Build.0 = Release|Any CPU
		{ED1C5F8A-841A-45A2-A433-E6E948EEA96B}.Release|x64.ActiveCfg = Release|Any CPU
		{ED1C5F8A-841A-45A2-A433-E6E948EEA96B}.Release|x64.Build.0 = Release|Any CPU
		{ED1C5F8A-841A-45A2-A433-E6E948EEA96B}.Release|x86.ActiveCfg = Release|Any CPU
		{ED1C5F8A-841A-45A2-A433-E6E948EEA96B}.Release|x86.Build.0 = Release|Any CPU
		{1B40C976-BD1B-47B8-9A9D-D8F584DDC7D0}.Debug|Any CPU.ActiveCfg = Debug|Any CPU
		{1B40C976-BD1B-47B8-9A9D-D8F584DDC7D0}.Debug|Any CPU.Build.0 = Debug|Any CPU
		{1B40C976-BD1B-47B8-9A9D-D8F584DDC7D0}.Debug|x64.ActiveCfg = Debug|Any CPU
		{1B40C976-BD1B-47B8-9A9D-D8F584DDC7D0}.Debug|x64.Build.0 = Debug|Any CPU
		{1B40C976-BD1B-47B8-9A9D-D8F584DDC7D0}.Debug|x86.ActiveCfg = Debug|Any CPU
		{1B40C976-BD1B-47B8-9A9D-D8F584DDC7D0}.Debug|x86.Build.0 = Debug|Any CPU
		{1B40C976-BD1B-47B8-9A9D-D8F584DDC7D0}.Release|Any CPU.ActiveCfg = Release|Any CPU
		{1B40C976-BD1B-47B8-9A9D-D8F584DDC7D0}.Release|Any CPU.Build.0 = Release|Any CPU
		{1B40C976-BD1B-47B8-9A9D-D8F584DDC7D0}.Release|x64.ActiveCfg = Release|Any CPU
		{1B40C976-BD1B-47B8-9A9D-D8F584DDC7D0}.Release|x64.Build.0 = Release|Any CPU
		{1B40C976-BD1B-47B8-9A9D-D8F584DDC7D0}.Release|x86.ActiveCfg = Release|Any CPU
		{1B40C976-BD1B-47B8-9A9D-D8F584DDC7D0}.Release|x86.Build.0 = Release|Any CPU
		{6AE25BC3-D1A0-41DC-A31B-509043754F15}.Debug|Any CPU.ActiveCfg = Debug|Any CPU
		{6AE25BC3-D1A0-41DC-A31B-509043754F15}.Debug|Any CPU.Build.0 = Debug|Any CPU
		{6AE25BC3-D1A0-41DC-A31B-509043754F15}.Debug|x64.ActiveCfg = Debug|Any CPU
		{6AE25BC3-D1A0-41DC-A31B-509043754F15}.Debug|x64.Build.0 = Debug|Any CPU
		{6AE25BC3-D1A0-41DC-A31B-509043754F15}.Debug|x86.ActiveCfg = Debug|Any CPU
		{6AE25BC3-D1A0-41DC-A31B-509043754F15}.Debug|x86.Build.0 = Debug|Any CPU
		{6AE25BC3-D1A0-41DC-A31B-509043754F15}.Release|Any CPU.ActiveCfg = Release|Any CPU
		{6AE25BC3-D1A0-41DC-A31B-509043754F15}.Release|Any CPU.Build.0 = Release|Any CPU
		{6AE25BC3-D1A0-41DC-A31B-509043754F15}.Release|x64.ActiveCfg = Release|Any CPU
		{6AE25BC3-D1A0-41DC-A31B-509043754F15}.Release|x64.Build.0 = Release|Any CPU
		{6AE25BC3-D1A0-41DC-A31B-509043754F15}.Release|x86.ActiveCfg = Release|Any CPU
		{6AE25BC3-D1A0-41DC-A31B-509043754F15}.Release|x86.Build.0 = Release|Any CPU
		{22466873-5AD1-4876-9B61-85A8BE6B1E43}.Debug|Any CPU.ActiveCfg = Debug|Any CPU
		{22466873-5AD1-4876-9B61-85A8BE6B1E43}.Debug|Any CPU.Build.0 = Debug|Any CPU
		{22466873-5AD1-4876-9B61-85A8BE6B1E43}.Debug|x64.ActiveCfg = Debug|Any CPU
		{22466873-5AD1-4876-9B61-85A8BE6B1E43}.Debug|x64.Build.0 = Debug|Any CPU
		{22466873-5AD1-4876-9B61-85A8BE6B1E43}.Debug|x86.ActiveCfg = Debug|Any CPU
		{22466873-5AD1-4876-9B61-85A8BE6B1E43}.Debug|x86.Build.0 = Debug|Any CPU
		{22466873-5AD1-4876-9B61-85A8BE6B1E43}.Release|Any CPU.ActiveCfg = Release|Any CPU
		{22466873-5AD1-4876-9B61-85A8BE6B1E43}.Release|Any CPU.Build.0 = Release|Any CPU
		{22466873-5AD1-4876-9B61-85A8BE6B1E43}.Release|x64.ActiveCfg = Release|Any CPU
		{22466873-5AD1-4876-9B61-85A8BE6B1E43}.Release|x64.Build.0 = Release|Any CPU
		{22466873-5AD1-4876-9B61-85A8BE6B1E43}.Release|x86.ActiveCfg = Release|Any CPU
		{22466873-5AD1-4876-9B61-85A8BE6B1E43}.Release|x86.Build.0 = Release|Any CPU
		{59E614EF-66D5-43A1-8BFE-649656326A40}.Debug|Any CPU.ActiveCfg = Debug|Any CPU
		{59E614EF-66D5-43A1-8BFE-649656326A40}.Debug|Any CPU.Build.0 = Debug|Any CPU
		{59E614EF-66D5-43A1-8BFE-649656326A40}.Debug|x64.ActiveCfg = Debug|Any CPU
		{59E614EF-66D5-43A1-8BFE-649656326A40}.Debug|x64.Build.0 = Debug|Any CPU
		{59E614EF-66D5-43A1-8BFE-649656326A40}.Debug|x86.ActiveCfg = Debug|Any CPU
		{59E614EF-66D5-43A1-8BFE-649656326A40}.Debug|x86.Build.0 = Debug|Any CPU
		{59E614EF-66D5-43A1-8BFE-649656326A40}.Release|Any CPU.ActiveCfg = Release|Any CPU
		{59E614EF-66D5-43A1-8BFE-649656326A40}.Release|Any CPU.Build.0 = Release|Any CPU
		{59E614EF-66D5-43A1-8BFE-649656326A40}.Release|x64.ActiveCfg = Release|Any CPU
		{59E614EF-66D5-43A1-8BFE-649656326A40}.Release|x64.Build.0 = Release|Any CPU
		{59E614EF-66D5-43A1-8BFE-649656326A40}.Release|x86.ActiveCfg = Release|Any CPU
		{59E614EF-66D5-43A1-8BFE-649656326A40}.Release|x86.Build.0 = Release|Any CPU
		{E7432914-02B8-4676-86D3-D197EE0E1489}.Debug|Any CPU.ActiveCfg = Debug|Any CPU
		{E7432914-02B8-4676-86D3-D197EE0E1489}.Debug|Any CPU.Build.0 = Debug|Any CPU
		{E7432914-02B8-4676-86D3-D197EE0E1489}.Debug|x64.ActiveCfg = Debug|Any CPU
		{E7432914-02B8-4676-86D3-D197EE0E1489}.Debug|x64.Build.0 = Debug|Any CPU
		{E7432914-02B8-4676-86D3-D197EE0E1489}.Debug|x86.ActiveCfg = Debug|Any CPU
		{E7432914-02B8-4676-86D3-D197EE0E1489}.Debug|x86.Build.0 = Debug|Any CPU
		{E7432914-02B8-4676-86D3-D197EE0E1489}.Release|Any CPU.ActiveCfg = Release|Any CPU
		{E7432914-02B8-4676-86D3-D197EE0E1489}.Release|Any CPU.Build.0 = Release|Any CPU
		{E7432914-02B8-4676-86D3-D197EE0E1489}.Release|x64.ActiveCfg = Release|Any CPU
		{E7432914-02B8-4676-86D3-D197EE0E1489}.Release|x64.Build.0 = Release|Any CPU
		{E7432914-02B8-4676-86D3-D197EE0E1489}.Release|x86.ActiveCfg = Release|Any CPU
		{E7432914-02B8-4676-86D3-D197EE0E1489}.Release|x86.Build.0 = Release|Any CPU
		{F175FAE5-5119-42CA-97E0-69F53A9D44C3}.Debug|Any CPU.ActiveCfg = Debug|Any CPU
		{F175FAE5-5119-42CA-97E0-69F53A9D44C3}.Debug|Any CPU.Build.0 = Debug|Any CPU
		{F175FAE5-5119-42CA-97E0-69F53A9D44C3}.Debug|x64.ActiveCfg = Debug|Any CPU
		{F175FAE5-5119-42CA-97E0-69F53A9D44C3}.Debug|x64.Build.0 = Debug|Any CPU
		{F175FAE5-5119-42CA-97E0-69F53A9D44C3}.Debug|x86.ActiveCfg = Debug|Any CPU
		{F175FAE5-5119-42CA-97E0-69F53A9D44C3}.Debug|x86.Build.0 = Debug|Any CPU
		{F175FAE5-5119-42CA-97E0-69F53A9D44C3}.Release|Any CPU.ActiveCfg = Release|Any CPU
		{F175FAE5-5119-42CA-97E0-69F53A9D44C3}.Release|Any CPU.Build.0 = Release|Any CPU
		{F175FAE5-5119-42CA-97E0-69F53A9D44C3}.Release|x64.ActiveCfg = Release|Any CPU
		{F175FAE5-5119-42CA-97E0-69F53A9D44C3}.Release|x64.Build.0 = Release|Any CPU
		{F175FAE5-5119-42CA-97E0-69F53A9D44C3}.Release|x86.ActiveCfg = Release|Any CPU
		{F175FAE5-5119-42CA-97E0-69F53A9D44C3}.Release|x86.Build.0 = Release|Any CPU
		{07B7EB7D-F23A-4D90-9B59-1300311F1261}.Debug|Any CPU.ActiveCfg = Debug|Any CPU
		{07B7EB7D-F23A-4D90-9B59-1300311F1261}.Debug|Any CPU.Build.0 = Debug|Any CPU
		{07B7EB7D-F23A-4D90-9B59-1300311F1261}.Debug|x64.ActiveCfg = Debug|Any CPU
		{07B7EB7D-F23A-4D90-9B59-1300311F1261}.Debug|x64.Build.0 = Debug|Any CPU
		{07B7EB7D-F23A-4D90-9B59-1300311F1261}.Debug|x86.ActiveCfg = Debug|Any CPU
		{07B7EB7D-F23A-4D90-9B59-1300311F1261}.Debug|x86.Build.0 = Debug|Any CPU
		{07B7EB7D-F23A-4D90-9B59-1300311F1261}.Release|Any CPU.ActiveCfg = Release|Any CPU
		{07B7EB7D-F23A-4D90-9B59-1300311F1261}.Release|Any CPU.Build.0 = Release|Any CPU
		{07B7EB7D-F23A-4D90-9B59-1300311F1261}.Release|x64.ActiveCfg = Release|Any CPU
		{07B7EB7D-F23A-4D90-9B59-1300311F1261}.Release|x64.Build.0 = Release|Any CPU
		{07B7EB7D-F23A-4D90-9B59-1300311F1261}.Release|x86.ActiveCfg = Release|Any CPU
		{07B7EB7D-F23A-4D90-9B59-1300311F1261}.Release|x86.Build.0 = Release|Any CPU
		{5D6AAEF6-84EB-4875-850F-CB0C8FA6F491}.Debug|Any CPU.ActiveCfg = Debug|Any CPU
		{5D6AAEF6-84EB-4875-850F-CB0C8FA6F491}.Debug|Any CPU.Build.0 = Debug|Any CPU
		{5D6AAEF6-84EB-4875-850F-CB0C8FA6F491}.Debug|x64.ActiveCfg = Debug|Any CPU
		{5D6AAEF6-84EB-4875-850F-CB0C8FA6F491}.Debug|x64.Build.0 = Debug|Any CPU
		{5D6AAEF6-84EB-4875-850F-CB0C8FA6F491}.Debug|x86.ActiveCfg = Debug|Any CPU
		{5D6AAEF6-84EB-4875-850F-CB0C8FA6F491}.Debug|x86.Build.0 = Debug|Any CPU
		{5D6AAEF6-84EB-4875-850F-CB0C8FA6F491}.Release|Any CPU.ActiveCfg = Release|Any CPU
		{5D6AAEF6-84EB-4875-850F-CB0C8FA6F491}.Release|Any CPU.Build.0 = Release|Any CPU
		{5D6AAEF6-84EB-4875-850F-CB0C8FA6F491}.Release|x64.ActiveCfg = Release|Any CPU
		{5D6AAEF6-84EB-4875-850F-CB0C8FA6F491}.Release|x64.Build.0 = Release|Any CPU
		{5D6AAEF6-84EB-4875-850F-CB0C8FA6F491}.Release|x86.ActiveCfg = Release|Any CPU
		{5D6AAEF6-84EB-4875-850F-CB0C8FA6F491}.Release|x86.Build.0 = Release|Any CPU
		{83878B78-3A33-4571-8275-A595AF33A4C5}.Debug|Any CPU.ActiveCfg = Debug|Any CPU
		{83878B78-3A33-4571-8275-A595AF33A4C5}.Debug|Any CPU.Build.0 = Debug|Any CPU
		{83878B78-3A33-4571-8275-A595AF33A4C5}.Debug|x64.ActiveCfg = Debug|Any CPU
		{83878B78-3A33-4571-8275-A595AF33A4C5}.Debug|x64.Build.0 = Debug|Any CPU
		{83878B78-3A33-4571-8275-A595AF33A4C5}.Debug|x86.ActiveCfg = Debug|Any CPU
		{83878B78-3A33-4571-8275-A595AF33A4C5}.Debug|x86.Build.0 = Debug|Any CPU
		{83878B78-3A33-4571-8275-A595AF33A4C5}.Release|Any CPU.ActiveCfg = Release|Any CPU
		{83878B78-3A33-4571-8275-A595AF33A4C5}.Release|Any CPU.Build.0 = Release|Any CPU
		{83878B78-3A33-4571-8275-A595AF33A4C5}.Release|x64.ActiveCfg = Release|Any CPU
		{83878B78-3A33-4571-8275-A595AF33A4C5}.Release|x64.Build.0 = Release|Any CPU
		{83878B78-3A33-4571-8275-A595AF33A4C5}.Release|x86.ActiveCfg = Release|Any CPU
		{83878B78-3A33-4571-8275-A595AF33A4C5}.Release|x86.Build.0 = Release|Any CPU
		{E5DC5E55-1943-4979-B4A5-DBE8A848017B}.Debug|Any CPU.ActiveCfg = Debug|Any CPU
		{E5DC5E55-1943-4979-B4A5-DBE8A848017B}.Debug|Any CPU.Build.0 = Debug|Any CPU
		{E5DC5E55-1943-4979-B4A5-DBE8A848017B}.Debug|x64.ActiveCfg = Debug|Any CPU
		{E5DC5E55-1943-4979-B4A5-DBE8A848017B}.Debug|x64.Build.0 = Debug|Any CPU
		{E5DC5E55-1943-4979-B4A5-DBE8A848017B}.Debug|x86.ActiveCfg = Debug|Any CPU
		{E5DC5E55-1943-4979-B4A5-DBE8A848017B}.Debug|x86.Build.0 = Debug|Any CPU
		{E5DC5E55-1943-4979-B4A5-DBE8A848017B}.Release|Any CPU.ActiveCfg = Release|Any CPU
		{E5DC5E55-1943-4979-B4A5-DBE8A848017B}.Release|Any CPU.Build.0 = Release|Any CPU
		{E5DC5E55-1943-4979-B4A5-DBE8A848017B}.Release|x64.ActiveCfg = Release|Any CPU
		{E5DC5E55-1943-4979-B4A5-DBE8A848017B}.Release|x64.Build.0 = Release|Any CPU
		{E5DC5E55-1943-4979-B4A5-DBE8A848017B}.Release|x86.ActiveCfg = Release|Any CPU
		{E5DC5E55-1943-4979-B4A5-DBE8A848017B}.Release|x86.Build.0 = Release|Any CPU
	EndGlobalSection
	GlobalSection(SolutionProperties) = preSolution
		HideSolutionNode = FALSE
	EndGlobalSection
	GlobalSection(NestedProjects) = preSolution
		{EC3FA5D7-F66E-437B-882C-0EBC4689F5B9} = {504D109B-B950-4C55-9233-90AB567625C1}
		{9306A9B2-7329-4708-87A1-B0F41645B867} = {EC3FA5D7-F66E-437B-882C-0EBC4689F5B9}
		{FAEFAFB0-0541-4013-9ECD-8D4257F825BD} = {EC3FA5D7-F66E-437B-882C-0EBC4689F5B9}
		{E9E11966-F330-4F43-887B-BB162E2444BB} = {504D109B-B950-4C55-9233-90AB567625C1}
		{E87B41DE-BBEE-4F78-98FE-B27E7DE44744} = {E9E11966-F330-4F43-887B-BB162E2444BB}
		{DC08E548-6743-4873-AD8E-43CD93913687} = {E9E11966-F330-4F43-887B-BB162E2444BB}
		{9BEE6125-3958-416A-8D3C-336D65CF6321} = {DC08E548-6743-4873-AD8E-43CD93913687}
		{317635BF-BBEE-4FA1-A86C-1CEE0F3E7AFC} = {E9E11966-F330-4F43-887B-BB162E2444BB}
		{B248F5B4-0812-4DBC-9527-0C53FEEEFBA3} = {317635BF-BBEE-4FA1-A86C-1CEE0F3E7AFC}
		{CE0D891C-0FF9-4C7B-A161-7BA35AEB2AD0} = {317635BF-BBEE-4FA1-A86C-1CEE0F3E7AFC}
		{90A7B310-1C2F-4B65-BD4D-C0C4C0D8BC73} = {DC08E548-6743-4873-AD8E-43CD93913687}
		{8E36351F-0FEF-451F-AAF7-FB8C9DDF6E8B} = {DC08E548-6743-4873-AD8E-43CD93913687}
		{098E9120-CBE1-42FF-9A0C-444CFCCBF517} = {317635BF-BBEE-4FA1-A86C-1CEE0F3E7AFC}
		{8A229994-5FC1-4F6A-8DAF-5D3BD31BE78D} = {317635BF-BBEE-4FA1-A86C-1CEE0F3E7AFC}
		{2FBB7D41-794E-4BA8-B5AC-F1F6B0523B19} = {EC3FA5D7-F66E-437B-882C-0EBC4689F5B9}
		{19952A75-55CF-41B7-A14F-3DA94608F1CF} = {504D109B-B950-4C55-9233-90AB567625C1}
		{ED1C5F8A-841A-45A2-A433-E6E948EEA96B} = {19952A75-55CF-41B7-A14F-3DA94608F1CF}
		{75B70AFC-8F52-45FE-B472-C3F00878A542} = {504D109B-B950-4C55-9233-90AB567625C1}
		{1B40C976-BD1B-47B8-9A9D-D8F584DDC7D0} = {75B70AFC-8F52-45FE-B472-C3F00878A542}
		{6AE25BC3-D1A0-41DC-A31B-509043754F15} = {DC08E548-6743-4873-AD8E-43CD93913687}
		{22466873-5AD1-4876-9B61-85A8BE6B1E43} = {317635BF-BBEE-4FA1-A86C-1CEE0F3E7AFC}
		{59E614EF-66D5-43A1-8BFE-649656326A40} = {E9E11966-F330-4F43-887B-BB162E2444BB}
		{E7432914-02B8-4676-86D3-D197EE0E1489} = {317635BF-BBEE-4FA1-A86C-1CEE0F3E7AFC}
		{B6C7A418-EE87-42F2-84F5-8E012A5F88BA} = {E9E11966-F330-4F43-887B-BB162E2444BB}
		{F175FAE5-5119-42CA-97E0-69F53A9D44C3} = {B6C7A418-EE87-42F2-84F5-8E012A5F88BA}
		{07B7EB7D-F23A-4D90-9B59-1300311F1261} = {E9E11966-F330-4F43-887B-BB162E2444BB}
		{5D6AAEF6-84EB-4875-850F-CB0C8FA6F491} = {B6C7A418-EE87-42F2-84F5-8E012A5F88BA}
		{83878B78-3A33-4571-8275-A595AF33A4C5} = {B6C7A418-EE87-42F2-84F5-8E012A5F88BA}
		{453DF069-5810-4637-842B-B81E7291CC96} = {504D109B-B950-4C55-9233-90AB567625C1}
		{54A022C5-2D50-4C14-A675-A4C5625BB9F6} = {453DF069-5810-4637-842B-B81E7291CC96}
		{E5DC5E55-1943-4979-B4A5-DBE8A848017B} = {54A022C5-2D50-4C14-A675-A4C5625BB9F6}
	EndGlobalSection
	GlobalSection(ExtensibilityGlobals) = postSolution
		SolutionGuid = {39D97AE0-9CAF-4FA5-BA22-BC867F53D882}
	EndGlobalSection
EndGlobal
